
Microsoft Visual Studio Solution File, Format Version 12.00
# Visual Studio Version 17
VisualStudioVersion = 17.7.34024.191
MinimumVisualStudioVersion = 10.0.40219.1
Project("{FAE04EC0-301F-11D3-BF4B-00C04F79EFBC}") = "Checkout", "Checkout\Checkout.csproj", "{43352E62-DD04-455B-A2CC-21E90B79176D}"
EndProject
Global
	GlobalSection(SolutionConfigurationPlatforms) = preSolution
		Debug|Any CPU = Debug|Any CPU
		Release|Any CPU = Release|Any CPU
	EndGlobalSection
	GlobalSection(ProjectConfigurationPlatforms) = postSolution
		{43352E62-DD04-455B-A2CC-21E90B79176D}.Debug|Any CPU.ActiveCfg = Debug|Any CPU
		{43352E62-DD04-455B-A2CC-21E90B79176D}.Debug|Any CPU.Build.0 = Debug|Any CPU
		{43352E62-DD04-455B-A2CC-21E90B79176D}.Release|Any CPU.ActiveCfg = Release|Any CPU
		{43352E62-DD04-455B-A2CC-21E90B79176D}.Release|Any CPU.Build.0 = Release|Any CPU
	EndGlobalSection
	GlobalSection(SolutionProperties) = preSolution
		HideSolutionNode = FALSE
	EndGlobalSection
	GlobalSection(ExtensibilityGlobals) = postSolution
		SolutionGuid = {208F3BB6-D38D-4A0F-BC65-FF819D1D4451}
	EndGlobalSection
EndGlobal
